
Microsoft Visual Studio Solution File, Format Version 12.00
# Visual Studio 15
VisualStudioVersion = 15.0.27703.2047
MinimumVisualStudioVersion = 10.0.40219.1
Project("{9A19103F-16F7-4668-BE54-9A1E7A4F7556}") = "thZero.NetCore.Library.Services.Notification", "thZero.NetCore.Library.Services.Notification.csproj", "{19D817AE-9351-4572-A24E-B00C426F9039}"
EndProject
Project("{9A19103F-16F7-4668-BE54-9A1E7A4F7556}") = "thZero.NetCore.Library", "..\thZero.NetCore.Library\thZero.NetCore.Library.csproj", "{791685EB-AC92-4BA7-9620-CC38E1D0AD09}"
EndProject
Global
	GlobalSection(SolutionConfigurationPlatforms) = preSolution
		Debug|Any CPU = Debug|Any CPU
		Release|Any CPU = Release|Any CPU
	EndGlobalSection
	GlobalSection(ProjectConfigurationPlatforms) = postSolution
		{19D817AE-9351-4572-A24E-B00C426F9039}.Debug|Any CPU.ActiveCfg = Debug|Any CPU
		{19D817AE-9351-4572-A24E-B00C426F9039}.Debug|Any CPU.Build.0 = Debug|Any CPU
		{19D817AE-9351-4572-A24E-B00C426F9039}.Release|Any CPU.ActiveCfg = Release|Any CPU
		{19D817AE-9351-4572-A24E-B00C426F9039}.Release|Any CPU.Build.0 = Release|Any CPU
		{791685EB-AC92-4BA7-9620-CC38E1D0AD09}.Debug|Any CPU.ActiveCfg = Debug|Any CPU
		{791685EB-AC92-4BA7-9620-CC38E1D0AD09}.Debug|Any CPU.Build.0 = Debug|Any CPU
		{791685EB-AC92-4BA7-9620-CC38E1D0AD09}.Release|Any CPU.ActiveCfg = Release|Any CPU
		{791685EB-AC92-4BA7-9620-CC38E1D0AD09}.Release|Any CPU.Build.0 = Release|Any CPU
	EndGlobalSection
	GlobalSection(SolutionProperties) = preSolution
		HideSolutionNode = FALSE
	EndGlobalSection
	GlobalSection(ExtensibilityGlobals) = postSolution
		SolutionGuid = {62453F58-C240-40E8-8E47-F2535C258EC5}
	EndGlobalSection
EndGlobal
